// !$*UTF8*$!
{
	archiveVersion = 1;
	classes = {
	};
	objectVersion = 55;
	objects = {

/* Begin PBXBuildFile section */
		92127D9A2816E91E00330E69 /* SearchResultCell.swift in Sources */ = {isa = PBXBuildFile; fileRef = 92127D992816E91E00330E69 /* SearchResultCell.swift */; };
		92127D9C2816E95200330E69 /* SearchResultCell.xib in Resources */ = {isa = PBXBuildFile; fileRef = 92127D9B2816E95200330E69 /* SearchResultCell.xib */; };
		92C761F42813CC2600735E0F /* Tests_iOS.swift in Sources */ = {isa = PBXBuildFile; fileRef = 92C761F32813CC2600735E0F /* Tests_iOS.swift */; };
		92C761F62813CC2600735E0F /* Tests_iOSLaunchTests.swift in Sources */ = {isa = PBXBuildFile; fileRef = 92C761F52813CC2600735E0F /* Tests_iOSLaunchTests.swift */; };
		92C762002813CC2600735E0F /* Tests_macOS.swift in Sources */ = {isa = PBXBuildFile; fileRef = 92C761FF2813CC2600735E0F /* Tests_macOS.swift */; };
		92C762022813CC2600735E0F /* Tests_macOSLaunchTests.swift in Sources */ = {isa = PBXBuildFile; fileRef = 92C762012813CC2600735E0F /* Tests_macOSLaunchTests.swift */; };
		92C762032813CC2600735E0F /* SearchProductProjectApp.swift in Sources */ = {isa = PBXBuildFile; fileRef = 92C761DB2813CC2400735E0F /* SearchProductProjectApp.swift */; };
		92C762042813CC2600735E0F /* SearchProductProjectApp.swift in Sources */ = {isa = PBXBuildFile; fileRef = 92C761DB2813CC2400735E0F /* SearchProductProjectApp.swift */; };
		92C762052813CC2600735E0F /* ContentView.swift in Sources */ = {isa = PBXBuildFile; fileRef = 92C761DC2813CC2400735E0F /* ContentView.swift */; };
		92C762062813CC2600735E0F /* ContentView.swift in Sources */ = {isa = PBXBuildFile; fileRef = 92C761DC2813CC2400735E0F /* ContentView.swift */; };
		92C762072813CC2600735E0F /* Assets.xcassets in Resources */ = {isa = PBXBuildFile; fileRef = 92C761DD2813CC2600735E0F /* Assets.xcassets */; };
		92C762082813CC2600735E0F /* Assets.xcassets in Resources */ = {isa = PBXBuildFile; fileRef = 92C761DD2813CC2600735E0F /* Assets.xcassets */; };
		92C762192813CCDD00735E0F /* SearchProductViewController.xib in Resources */ = {isa = PBXBuildFile; fileRef = 92C762182813CCDD00735E0F /* SearchProductViewController.xib */; };
		92C7621A2813CCDD00735E0F /* SearchProductViewController.xib in Resources */ = {isa = PBXBuildFile; fileRef = 92C762182813CCDD00735E0F /* SearchProductViewController.xib */; };
		92C7621C2813DE9300735E0F /* SearchProductViewController.swift in Sources */ = {isa = PBXBuildFile; fileRef = 92C7621B2813DE9300735E0F /* SearchProductViewController.swift */; };
		92C7621D2813DE9300735E0F /* SearchProductViewController.swift in Sources */ = {isa = PBXBuildFile; fileRef = 92C7621B2813DE9300735E0F /* SearchProductViewController.swift */; };
		92C762202813DF1000735E0F /* UIViewController+Extension.swift in Sources */ = {isa = PBXBuildFile; fileRef = 92C7621F2813DF1000735E0F /* UIViewController+Extension.swift */; };
		92C762212813DF1000735E0F /* UIViewController+Extension.swift in Sources */ = {isa = PBXBuildFile; fileRef = 92C7621F2813DF1000735E0F /* UIViewController+Extension.swift */; };
		92C762232813DF5200735E0F /* SearchProduct.swift in Sources */ = {isa = PBXBuildFile; fileRef = 92C762222813DF5200735E0F /* SearchProduct.swift */; };
		92C762242813DF5200735E0F /* SearchProduct.swift in Sources */ = {isa = PBXBuildFile; fileRef = 92C762222813DF5200735E0F /* SearchProduct.swift */; };
		92C762262813E88400735E0F /* UIColor+Extension.swift in Sources */ = {isa = PBXBuildFile; fileRef = 92C762252813E88400735E0F /* UIColor+Extension.swift */; };
		92C762272813E88400735E0F /* UIColor+Extension.swift in Sources */ = {isa = PBXBuildFile; fileRef = 92C762252813E88400735E0F /* UIColor+Extension.swift */; };
		92C762292813F01200735E0F /* UIView+Extension.swift in Sources */ = {isa = PBXBuildFile; fileRef = 92C762282813F01200735E0F /* UIView+Extension.swift */; };
		92C7622A2813F01200735E0F /* UIView+Extension.swift in Sources */ = {isa = PBXBuildFile; fileRef = 92C762282813F01200735E0F /* UIView+Extension.swift */; };
		92EE982528198F9C00B34799 /* ViewModelProtocol.swift in Sources */ = {isa = PBXBuildFile; fileRef = 92EE982428198F9C00B34799 /* ViewModelProtocol.swift */; };
		92EE982628198FA900B34799 /* ViewModelProtocol.swift in Sources */ = {isa = PBXBuildFile; fileRef = 92EE982428198F9C00B34799 /* ViewModelProtocol.swift */; };
		92FB0F05281513FE0029DECF /* SearchProductViewModel.swift in Sources */ = {isa = PBXBuildFile; fileRef = 92FB0F04281513FE0029DECF /* SearchProductViewModel.swift */; };
		92FB0F0E28151CF90029DECF /* RxCocoa.xcframework in Frameworks */ = {isa = PBXBuildFile; fileRef = 92FB0F0928151CF90029DECF /* RxCocoa.xcframework */; };
		92FB0F0F28151CF90029DECF /* RxRelay.xcframework in Frameworks */ = {isa = PBXBuildFile; fileRef = 92FB0F0A28151CF90029DECF /* RxRelay.xcframework */; };
		92FB0F1028151CF90029DECF /* RxSwift.xcframework in Frameworks */ = {isa = PBXBuildFile; fileRef = 92FB0F0B28151CF90029DECF /* RxSwift.xcframework */; };
		92FB0F1128151CF90029DECF /* RxBlocking.xcframework in Frameworks */ = {isa = PBXBuildFile; fileRef = 92FB0F0C28151CF90029DECF /* RxBlocking.xcframework */; };
		92FB0F1328151D4D0029DECF /* RxBlocking.xcframework in CopyFiles */ = {isa = PBXBuildFile; fileRef = 92FB0F0C28151CF90029DECF /* RxBlocking.xcframework */; settings = {ATTRIBUTES = (CodeSignOnCopy, RemoveHeadersOnCopy, ); }; };
		92FB0F1428151D4D0029DECF /* RxCocoa.xcframework in CopyFiles */ = {isa = PBXBuildFile; fileRef = 92FB0F0928151CF90029DECF /* RxCocoa.xcframework */; settings = {ATTRIBUTES = (CodeSignOnCopy, RemoveHeadersOnCopy, ); }; };
		92FB0F1528151D4D0029DECF /* RxRelay.xcframework in CopyFiles */ = {isa = PBXBuildFile; fileRef = 92FB0F0A28151CF90029DECF /* RxRelay.xcframework */; settings = {ATTRIBUTES = (CodeSignOnCopy, RemoveHeadersOnCopy, ); }; };
		92FB0F1628151D4D0029DECF /* RxSwift.xcframework in CopyFiles */ = {isa = PBXBuildFile; fileRef = 92FB0F0B28151CF90029DECF /* RxSwift.xcframework */; settings = {ATTRIBUTES = (CodeSignOnCopy, RemoveHeadersOnCopy, ); }; };
		92FB0F182815213C0029DECF /* RxTest.xcframework in Frameworks */ = {isa = PBXBuildFile; fileRef = 92FB0F0828151CF90029DECF /* RxTest.xcframework */; };
		92FB0F1A2815219D0029DECF /* RxTest.xcframework in CopyFiles */ = {isa = PBXBuildFile; fileRef = 92FB0F0828151CF90029DECF /* RxTest.xcframework */; settings = {ATTRIBUTES = (CodeSignOnCopy, RemoveHeadersOnCopy, ); }; };
		92FB0F222815235D0029DECF /* SearchProductProjectTests.swift in Sources */ = {isa = PBXBuildFile; fileRef = 92FB0F212815235D0029DECF /* SearchProductProjectTests.swift */; };
		92FB0F28281524110029DECF /* RxTest.xcframework in Frameworks */ = {isa = PBXBuildFile; fileRef = 92FB0F0828151CF90029DECF /* RxTest.xcframework */; };
		92FB0F2A281524280029DECF /* RxTest.xcframework in CopyFiles */ = {isa = PBXBuildFile; fileRef = 92FB0F0828151CF90029DECF /* RxTest.xcframework */; settings = {ATTRIBUTES = (CodeSignOnCopy, RemoveHeadersOnCopy, ); }; };
/* End PBXBuildFile section */

/* Begin PBXContainerItemProxy section */
		92C761F02813CC2600735E0F /* PBXContainerItemProxy */ = {
			isa = PBXContainerItemProxy;
			containerPortal = 92C761D62813CC2400735E0F /* Project object */;
			proxyType = 1;
			remoteGlobalIDString = 92C761E12813CC2600735E0F;
			remoteInfo = "SearchProductProject (iOS)";
		};
		92C761FC2813CC2600735E0F /* PBXContainerItemProxy */ = {
			isa = PBXContainerItemProxy;
			containerPortal = 92C761D62813CC2400735E0F /* Project object */;
			proxyType = 1;
			remoteGlobalIDString = 92C761E72813CC2600735E0F;
			remoteInfo = "SearchProductProject (macOS)";
		};
		92FB0F232815235D0029DECF /* PBXContainerItemProxy */ = {
			isa = PBXContainerItemProxy;
			containerPortal = 92C761D62813CC2400735E0F /* Project object */;
			proxyType = 1;
			remoteGlobalIDString = 92C761E12813CC2600735E0F;
			remoteInfo = "SearchProductProject (iOS)";
		};
/* End PBXContainerItemProxy section */

/* Begin PBXCopyFilesBuildPhase section */
		92FB0F1228151D2F0029DECF /* CopyFiles */ = {
			isa = PBXCopyFilesBuildPhase;
			buildActionMask = 2147483647;
			dstPath = "";
			dstSubfolderSpec = 10;
			files = (
				92FB0F1328151D4D0029DECF /* RxBlocking.xcframework in CopyFiles */,
				92FB0F1428151D4D0029DECF /* RxCocoa.xcframework in CopyFiles */,
				92FB0F1528151D4D0029DECF /* RxRelay.xcframework in CopyFiles */,
				92FB0F1628151D4D0029DECF /* RxSwift.xcframework in CopyFiles */,
			);
			runOnlyForDeploymentPostprocessing = 0;
		};
		92FB0F19281521920029DECF /* CopyFiles */ = {
			isa = PBXCopyFilesBuildPhase;
			buildActionMask = 2147483647;
			dstPath = "";
			dstSubfolderSpec = 10;
			files = (
				92FB0F1A2815219D0029DECF /* RxTest.xcframework in CopyFiles */,
			);
			runOnlyForDeploymentPostprocessing = 0;
		};
		92FB0F292815241C0029DECF /* CopyFiles */ = {
			isa = PBXCopyFilesBuildPhase;
			buildActionMask = 2147483647;
			dstPath = "";
			dstSubfolderSpec = 10;
			files = (
				92FB0F2A281524280029DECF /* RxTest.xcframework in CopyFiles */,
			);
			runOnlyForDeploymentPostprocessing = 0;
		};
/* End PBXCopyFilesBuildPhase section */

/* Begin PBXFileReference section */
		92127D992816E91E00330E69 /* SearchResultCell.swift */ = {isa = PBXFileReference; lastKnownFileType = sourcecode.swift; path = SearchResultCell.swift; sourceTree = "<group>"; };
		92127D9B2816E95200330E69 /* SearchResultCell.xib */ = {isa = PBXFileReference; lastKnownFileType = file.xib; path = SearchResultCell.xib; sourceTree = "<group>"; };
		92C761DB2813CC2400735E0F /* SearchProductProjectApp.swift */ = {isa = PBXFileReference; lastKnownFileType = sourcecode.swift; path = SearchProductProjectApp.swift; sourceTree = "<group>"; };
		92C761DC2813CC2400735E0F /* ContentView.swift */ = {isa = PBXFileReference; lastKnownFileType = sourcecode.swift; path = ContentView.swift; sourceTree = "<group>"; };
		92C761DD2813CC2600735E0F /* Assets.xcassets */ = {isa = PBXFileReference; lastKnownFileType = folder.assetcatalog; path = Assets.xcassets; sourceTree = "<group>"; };
		92C761E22813CC2600735E0F /* SearchProductProject.app */ = {isa = PBXFileReference; explicitFileType = wrapper.application; includeInIndex = 0; path = SearchProductProject.app; sourceTree = BUILT_PRODUCTS_DIR; };
		92C761E82813CC2600735E0F /* SearchProductProject.app */ = {isa = PBXFileReference; explicitFileType = wrapper.application; includeInIndex = 0; path = SearchProductProject.app; sourceTree = BUILT_PRODUCTS_DIR; };
		92C761EA2813CC2600735E0F /* macOS.entitlements */ = {isa = PBXFileReference; lastKnownFileType = text.plist.entitlements; path = macOS.entitlements; sourceTree = "<group>"; };
		92C761EF2813CC2600735E0F /* Tests iOS.xctest */ = {isa = PBXFileReference; explicitFileType = wrapper.cfbundle; includeInIndex = 0; path = "Tests iOS.xctest"; sourceTree = BUILT_PRODUCTS_DIR; };
		92C761F32813CC2600735E0F /* Tests_iOS.swift */ = {isa = PBXFileReference; lastKnownFileType = sourcecode.swift; path = Tests_iOS.swift; sourceTree = "<group>"; };
		92C761F52813CC2600735E0F /* Tests_iOSLaunchTests.swift */ = {isa = PBXFileReference; lastKnownFileType = sourcecode.swift; path = Tests_iOSLaunchTests.swift; sourceTree = "<group>"; };
		92C761FB2813CC2600735E0F /* Tests macOS.xctest */ = {isa = PBXFileReference; explicitFileType = wrapper.cfbundle; includeInIndex = 0; path = "Tests macOS.xctest"; sourceTree = BUILT_PRODUCTS_DIR; };
		92C761FF2813CC2600735E0F /* Tests_macOS.swift */ = {isa = PBXFileReference; lastKnownFileType = sourcecode.swift; path = Tests_macOS.swift; sourceTree = "<group>"; };
		92C762012813CC2600735E0F /* Tests_macOSLaunchTests.swift */ = {isa = PBXFileReference; lastKnownFileType = sourcecode.swift; path = Tests_macOSLaunchTests.swift; sourceTree = "<group>"; };
		92C762182813CCDD00735E0F /* SearchProductViewController.xib */ = {isa = PBXFileReference; lastKnownFileType = file.xib; path = SearchProductViewController.xib; sourceTree = "<group>"; };
		92C7621B2813DE9300735E0F /* SearchProductViewController.swift */ = {isa = PBXFileReference; lastKnownFileType = sourcecode.swift; path = SearchProductViewController.swift; sourceTree = "<group>"; };
		92C7621F2813DF1000735E0F /* UIViewController+Extension.swift */ = {isa = PBXFileReference; lastKnownFileType = sourcecode.swift; path = "UIViewController+Extension.swift"; sourceTree = "<group>"; };
		92C762222813DF5200735E0F /* SearchProduct.swift */ = {isa = PBXFileReference; lastKnownFileType = sourcecode.swift; path = SearchProduct.swift; sourceTree = "<group>"; };
		92C762252813E88400735E0F /* UIColor+Extension.swift */ = {isa = PBXFileReference; lastKnownFileType = sourcecode.swift; path = "UIColor+Extension.swift"; sourceTree = "<group>"; };
		92C762282813F01200735E0F /* UIView+Extension.swift */ = {isa = PBXFileReference; lastKnownFileType = sourcecode.swift; path = "UIView+Extension.swift"; sourceTree = "<group>"; };
		92EE982428198F9C00B34799 /* ViewModelProtocol.swift */ = {isa = PBXFileReference; lastKnownFileType = sourcecode.swift; path = ViewModelProtocol.swift; sourceTree = "<group>"; };
		92FB0F04281513FE0029DECF /* SearchProductViewModel.swift */ = {isa = PBXFileReference; lastKnownFileType = sourcecode.swift; path = SearchProductViewModel.swift; sourceTree = "<group>"; };
		92FB0F0828151CF90029DECF /* RxTest.xcframework */ = {isa = PBXFileReference; lastKnownFileType = wrapper.xcframework; name = RxTest.xcframework; path = Carthage/Build/RxTest.xcframework; sourceTree = "<group>"; };
		92FB0F0928151CF90029DECF /* RxCocoa.xcframework */ = {isa = PBXFileReference; lastKnownFileType = wrapper.xcframework; name = RxCocoa.xcframework; path = Carthage/Build/RxCocoa.xcframework; sourceTree = "<group>"; };
		92FB0F0A28151CF90029DECF /* RxRelay.xcframework */ = {isa = PBXFileReference; lastKnownFileType = wrapper.xcframework; name = RxRelay.xcframework; path = Carthage/Build/RxRelay.xcframework; sourceTree = "<group>"; };
		92FB0F0B28151CF90029DECF /* RxSwift.xcframework */ = {isa = PBXFileReference; lastKnownFileType = wrapper.xcframework; name = RxSwift.xcframework; path = Carthage/Build/RxSwift.xcframework; sourceTree = "<group>"; };
		92FB0F0C28151CF90029DECF /* RxBlocking.xcframework */ = {isa = PBXFileReference; lastKnownFileType = wrapper.xcframework; name = RxBlocking.xcframework; path = Carthage/Build/RxBlocking.xcframework; sourceTree = "<group>"; };
		92FB0F1F2815235D0029DECF /* SearchProductProjectTests.xctest */ = {isa = PBXFileReference; explicitFileType = wrapper.cfbundle; includeInIndex = 0; path = SearchProductProjectTests.xctest; sourceTree = BUILT_PRODUCTS_DIR; };
		92FB0F212815235D0029DECF /* SearchProductProjectTests.swift */ = {isa = PBXFileReference; lastKnownFileType = sourcecode.swift; path = SearchProductProjectTests.swift; sourceTree = "<group>"; };
/* End PBXFileReference section */

/* Begin PBXFrameworksBuildPhase section */
		92C761DF2813CC2600735E0F /* Frameworks */ = {
			isa = PBXFrameworksBuildPhase;
			buildActionMask = 2147483647;
			files = (
				92FB0F0E28151CF90029DECF /* RxCocoa.xcframework in Frameworks */,
				92FB0F0F28151CF90029DECF /* RxRelay.xcframework in Frameworks */,
				92FB0F1028151CF90029DECF /* RxSwift.xcframework in Frameworks */,
				92FB0F1128151CF90029DECF /* RxBlocking.xcframework in Frameworks */,
			);
			runOnlyForDeploymentPostprocessing = 0;
		};
		92C761E52813CC2600735E0F /* Frameworks */ = {
			isa = PBXFrameworksBuildPhase;
			buildActionMask = 2147483647;
			files = (
			);
			runOnlyForDeploymentPostprocessing = 0;
		};
		92C761EC2813CC2600735E0F /* Frameworks */ = {
			isa = PBXFrameworksBuildPhase;
			buildActionMask = 2147483647;
			files = (
				92FB0F182815213C0029DECF /* RxTest.xcframework in Frameworks */,
			);
			runOnlyForDeploymentPostprocessing = 0;
		};
		92C761F82813CC2600735E0F /* Frameworks */ = {
			isa = PBXFrameworksBuildPhase;
			buildActionMask = 2147483647;
			files = (
			);
			runOnlyForDeploymentPostprocessing = 0;
		};
		92FB0F1C2815235D0029DECF /* Frameworks */ = {
			isa = PBXFrameworksBuildPhase;
			buildActionMask = 2147483647;
			files = (
				92FB0F28281524110029DECF /* RxTest.xcframework in Frameworks */,
			);
			runOnlyForDeploymentPostprocessing = 0;
		};
/* End PBXFrameworksBuildPhase section */

/* Begin PBXGroup section */
		92127D982816E90B00330E69 /* Cell */ = {
			isa = PBXGroup;
			children = (
				92127D992816E91E00330E69 /* SearchResultCell.swift */,
				92127D9B2816E95200330E69 /* SearchResultCell.xib */,
			);
			path = Cell;
			sourceTree = "<group>";
		};
		92C761D52813CC2400735E0F = {
			isa = PBXGroup;
			children = (
				92C761DA2813CC2400735E0F /* Shared */,
				92C761E92813CC2600735E0F /* macOS */,
				92C761F22813CC2600735E0F /* Tests iOS */,
				92C761FE2813CC2600735E0F /* Tests macOS */,
				92FB0F202815235D0029DECF /* SearchProductProjectTests */,
				92C761E32813CC2600735E0F /* Products */,
				92FB0F0728151CF90029DECF /* Frameworks */,
			);
			sourceTree = "<group>";
		};
		92C761DA2813CC2400735E0F /* Shared */ = {
			isa = PBXGroup;
			children = (
				92C7621E2813DEFC00735E0F /* Utils */,
				92C762172813CCC200735E0F /* SearchProduct */,
				92C761DC2813CC2400735E0F /* ContentView.swift */,
				92C761DD2813CC2600735E0F /* Assets.xcassets */,
				92EE982428198F9C00B34799 /* ViewModelProtocol.swift */,
			);
			path = Shared;
			sourceTree = "<group>";
		};
		92C761E32813CC2600735E0F /* Products */ = {
			isa = PBXGroup;
			children = (
				92C761E22813CC2600735E0F /* SearchProductProject.app */,
				92C761E82813CC2600735E0F /* SearchProductProject.app */,
				92C761EF2813CC2600735E0F /* Tests iOS.xctest */,
				92C761FB2813CC2600735E0F /* Tests macOS.xctest */,
				92FB0F1F2815235D0029DECF /* SearchProductProjectTests.xctest */,
			);
			name = Products;
			sourceTree = "<group>";
		};
		92C761E92813CC2600735E0F /* macOS */ = {
			isa = PBXGroup;
			children = (
				92C761EA2813CC2600735E0F /* macOS.entitlements */,
			);
			path = macOS;
			sourceTree = "<group>";
		};
		92C761F22813CC2600735E0F /* Tests iOS */ = {
			isa = PBXGroup;
			children = (
				92C761F32813CC2600735E0F /* Tests_iOS.swift */,
				92C761F52813CC2600735E0F /* Tests_iOSLaunchTests.swift */,
			);
			path = "Tests iOS";
			sourceTree = "<group>";
		};
		92C761FE2813CC2600735E0F /* Tests macOS */ = {
			isa = PBXGroup;
			children = (
				92C761FF2813CC2600735E0F /* Tests_macOS.swift */,
				92C762012813CC2600735E0F /* Tests_macOSLaunchTests.swift */,
			);
			path = "Tests macOS";
			sourceTree = "<group>";
		};
		92C762172813CCC200735E0F /* SearchProduct */ = {
			isa = PBXGroup;
			children = (
				92127D982816E90B00330E69 /* Cell */,
				92FB0F03281513E70029DECF /* ViewModel */,
				92C761DB2813CC2400735E0F /* SearchProductProjectApp.swift */,
				92C762182813CCDD00735E0F /* SearchProductViewController.xib */,
				92C7621B2813DE9300735E0F /* SearchProductViewController.swift */,
				92C762222813DF5200735E0F /* SearchProduct.swift */,
			);
			path = SearchProduct;
			sourceTree = "<group>";
		};
		92C7621E2813DEFC00735E0F /* Utils */ = {
			isa = PBXGroup;
			children = (
				92C7621F2813DF1000735E0F /* UIViewController+Extension.swift */,
				92C762252813E88400735E0F /* UIColor+Extension.swift */,
				92C762282813F01200735E0F /* UIView+Extension.swift */,
			);
			path = Utils;
			sourceTree = "<group>";
		};
		92FB0F03281513E70029DECF /* ViewModel */ = {
			isa = PBXGroup;
			children = (
				92FB0F04281513FE0029DECF /* SearchProductViewModel.swift */,
			);
			path = ViewModel;
			sourceTree = "<group>";
		};
		92FB0F0728151CF90029DECF /* Frameworks */ = {
			isa = PBXGroup;
			children = (
				92FB0F0C28151CF90029DECF /* RxBlocking.xcframework */,
				92FB0F0928151CF90029DECF /* RxCocoa.xcframework */,
				92FB0F0A28151CF90029DECF /* RxRelay.xcframework */,
				92FB0F0B28151CF90029DECF /* RxSwift.xcframework */,
				92FB0F0828151CF90029DECF /* RxTest.xcframework */,
			);
			name = Frameworks;
			sourceTree = "<group>";
		};
		92FB0F202815235D0029DECF /* SearchProductProjectTests */ = {
			isa = PBXGroup;
			children = (
				92FB0F212815235D0029DECF /* SearchProductProjectTests.swift */,
			);
			path = SearchProductProjectTests;
			sourceTree = "<group>";
		};
/* End PBXGroup section */

/* Begin PBXNativeTarget section */
		92C761E12813CC2600735E0F /* SearchProductProject (iOS) */ = {
			isa = PBXNativeTarget;
			buildConfigurationList = 92C7620B2813CC2600735E0F /* Build configuration list for PBXNativeTarget "SearchProductProject (iOS)" */;
			buildPhases = (
				92C761DE2813CC2600735E0F /* Sources */,
				92C761DF2813CC2600735E0F /* Frameworks */,
				92C761E02813CC2600735E0F /* Resources */,
				92FB0F1228151D2F0029DECF /* CopyFiles */,
			);
			buildRules = (
			);
			dependencies = (
			);
			name = "SearchProductProject (iOS)";
			productName = "SearchProductProject (iOS)";
			productReference = 92C761E22813CC2600735E0F /* SearchProductProject.app */;
			productType = "com.apple.product-type.application";
		};
		92C761E72813CC2600735E0F /* SearchProductProject (macOS) */ = {
			isa = PBXNativeTarget;
			buildConfigurationList = 92C7620E2813CC2600735E0F /* Build configuration list for PBXNativeTarget "SearchProductProject (macOS)" */;
			buildPhases = (
				92C761E42813CC2600735E0F /* Sources */,
				92C761E52813CC2600735E0F /* Frameworks */,
				92C761E62813CC2600735E0F /* Resources */,
			);
			buildRules = (
			);
			dependencies = (
			);
			name = "SearchProductProject (macOS)";
			productName = "SearchProductProject (macOS)";
			productReference = 92C761E82813CC2600735E0F /* SearchProductProject.app */;
			productType = "com.apple.product-type.application";
		};
		92C761EE2813CC2600735E0F /* Tests iOS */ = {
			isa = PBXNativeTarget;
			buildConfigurationList = 92C762112813CC2600735E0F /* Build configuration list for PBXNativeTarget "Tests iOS" */;
			buildPhases = (
				92C761EB2813CC2600735E0F /* Sources */,
				92C761EC2813CC2600735E0F /* Frameworks */,
				92C761ED2813CC2600735E0F /* Resources */,
				92FB0F19281521920029DECF /* CopyFiles */,
			);
			buildRules = (
			);
			dependencies = (
				92C761F12813CC2600735E0F /* PBXTargetDependency */,
			);
			name = "Tests iOS";
			productName = "Tests iOS";
			productReference = 92C761EF2813CC2600735E0F /* Tests iOS.xctest */;
			productType = "com.apple.product-type.bundle.ui-testing";
		};
		92C761FA2813CC2600735E0F /* Tests macOS */ = {
			isa = PBXNativeTarget;
			buildConfigurationList = 92C762142813CC2600735E0F /* Build configuration list for PBXNativeTarget "Tests macOS" */;
			buildPhases = (
				92C761F72813CC2600735E0F /* Sources */,
				92C761F82813CC2600735E0F /* Frameworks */,
				92C761F92813CC2600735E0F /* Resources */,
			);
			buildRules = (
			);
			dependencies = (
				92C761FD2813CC2600735E0F /* PBXTargetDependency */,
			);
			name = "Tests macOS";
			productName = "Tests macOS";
			productReference = 92C761FB2813CC2600735E0F /* Tests macOS.xctest */;
			productType = "com.apple.product-type.bundle.ui-testing";
		};
		92FB0F1E2815235D0029DECF /* SearchProductProjectTests */ = {
			isa = PBXNativeTarget;
			buildConfigurationList = 92FB0F252815235D0029DECF /* Build configuration list for PBXNativeTarget "SearchProductProjectTests" */;
			buildPhases = (
				92FB0F1B2815235D0029DECF /* Sources */,
				92FB0F1C2815235D0029DECF /* Frameworks */,
				92FB0F1D2815235D0029DECF /* Resources */,
				92FB0F292815241C0029DECF /* CopyFiles */,
			);
			buildRules = (
			);
			dependencies = (
				92FB0F242815235D0029DECF /* PBXTargetDependency */,
			);
			name = SearchProductProjectTests;
			productName = SearchProductProjectTests;
			productReference = 92FB0F1F2815235D0029DECF /* SearchProductProjectTests.xctest */;
			productType = "com.apple.product-type.bundle.unit-test";
		};
/* End PBXNativeTarget section */

/* Begin PBXProject section */
		92C761D62813CC2400735E0F /* Project object */ = {
			isa = PBXProject;
			attributes = {
				BuildIndependentTargetsInParallel = 1;
				LastSwiftUpdateCheck = 1330;
				LastUpgradeCheck = 1330;
				TargetAttributes = {
					92C761E12813CC2600735E0F = {
						CreatedOnToolsVersion = 13.3.1;
					};
					92C761E72813CC2600735E0F = {
						CreatedOnToolsVersion = 13.3.1;
					};
					92C761EE2813CC2600735E0F = {
						CreatedOnToolsVersion = 13.3.1;
						TestTargetID = 92C761E12813CC2600735E0F;
					};
					92C761FA2813CC2600735E0F = {
						CreatedOnToolsVersion = 13.3.1;
						TestTargetID = 92C761E72813CC2600735E0F;
					};
					92FB0F1E2815235D0029DECF = {
						CreatedOnToolsVersion = 13.3.1;
						TestTargetID = 92C761E12813CC2600735E0F;
					};
				};
			};
			buildConfigurationList = 92C761D92813CC2400735E0F /* Build configuration list for PBXProject "SearchProductProject" */;
			compatibilityVersion = "Xcode 13.0";
			developmentRegion = en;
			hasScannedForEncodings = 0;
			knownRegions = (
				en,
				Base,
			);
			mainGroup = 92C761D52813CC2400735E0F;
			productRefGroup = 92C761E32813CC2600735E0F /* Products */;
			projectDirPath = "";
			projectRoot = "";
			targets = (
				92C761E12813CC2600735E0F /* SearchProductProject (iOS) */,
				92C761E72813CC2600735E0F /* SearchProductProject (macOS) */,
				92C761EE2813CC2600735E0F /* Tests iOS */,
				92C761FA2813CC2600735E0F /* Tests macOS */,
				92FB0F1E2815235D0029DECF /* SearchProductProjectTests */,
			);
		};
/* End PBXProject section */

/* Begin PBXResourcesBuildPhase section */
		92C761E02813CC2600735E0F /* Resources */ = {
			isa = PBXResourcesBuildPhase;
			buildActionMask = 2147483647;
			files = (
				92C762192813CCDD00735E0F /* SearchProductViewController.xib in Resources */,
				92127D9C2816E95200330E69 /* SearchResultCell.xib in Resources */,
				92C762072813CC2600735E0F /* Assets.xcassets in Resources */,
			);
			runOnlyForDeploymentPostprocessing = 0;
		};
		92C761E62813CC2600735E0F /* Resources */ = {
			isa = PBXResourcesBuildPhase;
			buildActionMask = 2147483647;
			files = (
				92C7621A2813CCDD00735E0F /* SearchProductViewController.xib in Resources */,
				92C762082813CC2600735E0F /* Assets.xcassets in Resources */,
			);
			runOnlyForDeploymentPostprocessing = 0;
		};
		92C761ED2813CC2600735E0F /* Resources */ = {
			isa = PBXResourcesBuildPhase;
			buildActionMask = 2147483647;
			files = (
			);
			runOnlyForDeploymentPostprocessing = 0;
		};
		92C761F92813CC2600735E0F /* Resources */ = {
			isa = PBXResourcesBuildPhase;
			buildActionMask = 2147483647;
			files = (
			);
			runOnlyForDeploymentPostprocessing = 0;
		};
		92FB0F1D2815235D0029DECF /* Resources */ = {
			isa = PBXResourcesBuildPhase;
			buildActionMask = 2147483647;
			files = (
			);
			runOnlyForDeploymentPostprocessing = 0;
		};
/* End PBXResourcesBuildPhase section */

/* Begin PBXSourcesBuildPhase section */
		92C761DE2813CC2600735E0F /* Sources */ = {
			isa = PBXSourcesBuildPhase;
			buildActionMask = 2147483647;
			files = (
				92C762232813DF5200735E0F /* SearchProduct.swift in Sources */,
				92C762292813F01200735E0F /* UIView+Extension.swift in Sources */,
				92FB0F05281513FE0029DECF /* SearchProductViewModel.swift in Sources */,
				92C762202813DF1000735E0F /* UIViewController+Extension.swift in Sources */,
				92C7621C2813DE9300735E0F /* SearchProductViewController.swift in Sources */,
				92C762262813E88400735E0F /* UIColor+Extension.swift in Sources */,
				92EE982528198F9C00B34799 /* ViewModelProtocol.swift in Sources */,
				92C762052813CC2600735E0F /* ContentView.swift in Sources */,
				92127D9A2816E91E00330E69 /* SearchResultCell.swift in Sources */,
				92C762032813CC2600735E0F /* SearchProductProjectApp.swift in Sources */,
			);
			runOnlyForDeploymentPostprocessing = 0;
		};
		92C761E42813CC2600735E0F /* Sources */ = {
			isa = PBXSourcesBuildPhase;
			buildActionMask = 2147483647;
			files = (
				92EE982628198FA900B34799 /* ViewModelProtocol.swift in Sources */,
				92C762242813DF5200735E0F /* SearchProduct.swift in Sources */,
				92C7622A2813F01200735E0F /* UIView+Extension.swift in Sources */,
				92C762212813DF1000735E0F /* UIViewController+Extension.swift in Sources */,
				92C7621D2813DE9300735E0F /* SearchProductViewController.swift in Sources */,
				92C762272813E88400735E0F /* UIColor+Extension.swift in Sources */,
				92C762062813CC2600735E0F /* ContentView.swift in Sources */,
				92C762042813CC2600735E0F /* SearchProductProjectApp.swift in Sources */,
			);
			runOnlyForDeploymentPostprocessing = 0;
		};
		92C761EB2813CC2600735E0F /* Sources */ = {
			isa = PBXSourcesBuildPhase;
			buildActionMask = 2147483647;
			files = (
				92C761F62813CC2600735E0F /* Tests_iOSLaunchTests.swift in Sources */,
				92C761F42813CC2600735E0F /* Tests_iOS.swift in Sources */,
			);
			runOnlyForDeploymentPostprocessing = 0;
		};
		92C761F72813CC2600735E0F /* Sources */ = {
			isa = PBXSourcesBuildPhase;
			buildActionMask = 2147483647;
			files = (
				92C762022813CC2600735E0F /* Tests_macOSLaunchTests.swift in Sources */,
				92C762002813CC2600735E0F /* Tests_macOS.swift in Sources */,
			);
			runOnlyForDeploymentPostprocessing = 0;
		};
		92FB0F1B2815235D0029DECF /* Sources */ = {
			isa = PBXSourcesBuildPhase;
			buildActionMask = 2147483647;
			files = (
				92FB0F222815235D0029DECF /* SearchProductProjectTests.swift in Sources */,
			);
			runOnlyForDeploymentPostprocessing = 0;
		};
/* End PBXSourcesBuildPhase section */

/* Begin PBXTargetDependency section */
		92C761F12813CC2600735E0F /* PBXTargetDependency */ = {
			isa = PBXTargetDependency;
			target = 92C761E12813CC2600735E0F /* SearchProductProject (iOS) */;
			targetProxy = 92C761F02813CC2600735E0F /* PBXContainerItemProxy */;
		};
		92C761FD2813CC2600735E0F /* PBXTargetDependency */ = {
			isa = PBXTargetDependency;
			target = 92C761E72813CC2600735E0F /* SearchProductProject (macOS) */;
			targetProxy = 92C761FC2813CC2600735E0F /* PBXContainerItemProxy */;
		};
		92FB0F242815235D0029DECF /* PBXTargetDependency */ = {
			isa = PBXTargetDependency;
			target = 92C761E12813CC2600735E0F /* SearchProductProject (iOS) */;
			targetProxy = 92FB0F232815235D0029DECF /* PBXContainerItemProxy */;
		};
/* End PBXTargetDependency section */

/* Begin XCBuildConfiguration section */
		92C762092813CC2600735E0F /* Debug */ = {
			isa = XCBuildConfiguration;
			buildSettings = {
				ALWAYS_SEARCH_USER_PATHS = NO;
				CLANG_ANALYZER_NONNULL = YES;
				CLANG_ANALYZER_NUMBER_OBJECT_CONVERSION = YES_AGGRESSIVE;
				CLANG_CXX_LANGUAGE_STANDARD = "gnu++17";
				CLANG_ENABLE_MODULES = YES;
				CLANG_ENABLE_OBJC_ARC = YES;
				CLANG_ENABLE_OBJC_WEAK = YES;
				CLANG_WARN_BLOCK_CAPTURE_AUTORELEASING = YES;
				CLANG_WARN_BOOL_CONVERSION = YES;
				CLANG_WARN_COMMA = YES;
				CLANG_WARN_CONSTANT_CONVERSION = YES;
				CLANG_WARN_DEPRECATED_OBJC_IMPLEMENTATIONS = YES;
				CLANG_WARN_DIRECT_OBJC_ISA_USAGE = YES_ERROR;
				CLANG_WARN_DOCUMENTATION_COMMENTS = YES;
				CLANG_WARN_EMPTY_BODY = YES;
				CLANG_WARN_ENUM_CONVERSION = YES;
				CLANG_WARN_INFINITE_RECURSION = YES;
				CLANG_WARN_INT_CONVERSION = YES;
				CLANG_WARN_NON_LITERAL_NULL_CONVERSION = YES;
				CLANG_WARN_OBJC_IMPLICIT_RETAIN_SELF = YES;
				CLANG_WARN_OBJC_LITERAL_CONVERSION = YES;
				CLANG_WARN_OBJC_ROOT_CLASS = YES_ERROR;
				CLANG_WARN_QUOTED_INCLUDE_IN_FRAMEWORK_HEADER = YES;
				CLANG_WARN_RANGE_LOOP_ANALYSIS = YES;
				CLANG_WARN_STRICT_PROTOTYPES = YES;
				CLANG_WARN_SUSPICIOUS_MOVE = YES;
				CLANG_WARN_UNGUARDED_AVAILABILITY = YES_AGGRESSIVE;
				CLANG_WARN_UNREACHABLE_CODE = YES;
				CLANG_WARN__DUPLICATE_METHOD_MATCH = YES;
				COPY_PHASE_STRIP = NO;
				DEBUG_INFORMATION_FORMAT = dwarf;
				ENABLE_STRICT_OBJC_MSGSEND = YES;
				ENABLE_TESTABILITY = YES;
				GCC_C_LANGUAGE_STANDARD = gnu11;
				GCC_DYNAMIC_NO_PIC = NO;
				GCC_NO_COMMON_BLOCKS = YES;
				GCC_OPTIMIZATION_LEVEL = 0;
				GCC_PREPROCESSOR_DEFINITIONS = (
					"DEBUG=1",
					"$(inherited)",
				);
				GCC_WARN_64_TO_32_BIT_CONVERSION = YES;
				GCC_WARN_ABOUT_RETURN_TYPE = YES_ERROR;
				GCC_WARN_UNDECLARED_SELECTOR = YES;
				GCC_WARN_UNINITIALIZED_AUTOS = YES_AGGRESSIVE;
				GCC_WARN_UNUSED_FUNCTION = YES;
				GCC_WARN_UNUSED_VARIABLE = YES;
				MTL_ENABLE_DEBUG_INFO = INCLUDE_SOURCE;
				MTL_FAST_MATH = YES;
				ONLY_ACTIVE_ARCH = YES;
				SWIFT_ACTIVE_COMPILATION_CONDITIONS = DEBUG;
				SWIFT_OPTIMIZATION_LEVEL = "-Onone";
			};
			name = Debug;
		};
		92C7620A2813CC2600735E0F /* Release */ = {
			isa = XCBuildConfiguration;
			buildSettings = {
				ALWAYS_SEARCH_USER_PATHS = NO;
				CLANG_ANALYZER_NONNULL = YES;
				CLANG_ANALYZER_NUMBER_OBJECT_CONVERSION = YES_AGGRESSIVE;
				CLANG_CXX_LANGUAGE_STANDARD = "gnu++17";
				CLANG_ENABLE_MODULES = YES;
				CLANG_ENABLE_OBJC_ARC = YES;
				CLANG_ENABLE_OBJC_WEAK = YES;
				CLANG_WARN_BLOCK_CAPTURE_AUTORELEASING = YES;
				CLANG_WARN_BOOL_CONVERSION = YES;
				CLANG_WARN_COMMA = YES;
				CLANG_WARN_CONSTANT_CONVERSION = YES;
				CLANG_WARN_DEPRECATED_OBJC_IMPLEMENTATIONS = YES;
				CLANG_WARN_DIRECT_OBJC_ISA_USAGE = YES_ERROR;
				CLANG_WARN_DOCUMENTATION_COMMENTS = YES;
				CLANG_WARN_EMPTY_BODY = YES;
				CLANG_WARN_ENUM_CONVERSION = YES;
				CLANG_WARN_INFINITE_RECURSION = YES;
				CLANG_WARN_INT_CONVERSION = YES;
				CLANG_WARN_NON_LITERAL_NULL_CONVERSION = YES;
				CLANG_WARN_OBJC_IMPLICIT_RETAIN_SELF = YES;
				CLANG_WARN_OBJC_LITERAL_CONVERSION = YES;
				CLANG_WARN_OBJC_ROOT_CLASS = YES_ERROR;
				CLANG_WARN_QUOTED_INCLUDE_IN_FRAMEWORK_HEADER = YES;
				CLANG_WARN_RANGE_LOOP_ANALYSIS = YES;
				CLANG_WARN_STRICT_PROTOTYPES = YES;
				CLANG_WARN_SUSPICIOUS_MOVE = YES;
				CLANG_WARN_UNGUARDED_AVAILABILITY = YES_AGGRESSIVE;
				CLANG_WARN_UNREACHABLE_CODE = YES;
				CLANG_WARN__DUPLICATE_METHOD_MATCH = YES;
				COPY_PHASE_STRIP = NO;
				DEBUG_INFORMATION_FORMAT = "dwarf-with-dsym";
				ENABLE_NS_ASSERTIONS = NO;
				ENABLE_STRICT_OBJC_MSGSEND = YES;
				GCC_C_LANGUAGE_STANDARD = gnu11;
				GCC_NO_COMMON_BLOCKS = YES;
				GCC_WARN_64_TO_32_BIT_CONVERSION = YES;
				GCC_WARN_ABOUT_RETURN_TYPE = YES_ERROR;
				GCC_WARN_UNDECLARED_SELECTOR = YES;
				GCC_WARN_UNINITIALIZED_AUTOS = YES_AGGRESSIVE;
				GCC_WARN_UNUSED_FUNCTION = YES;
				GCC_WARN_UNUSED_VARIABLE = YES;
				MTL_ENABLE_DEBUG_INFO = NO;
				MTL_FAST_MATH = YES;
				SWIFT_COMPILATION_MODE = wholemodule;
				SWIFT_OPTIMIZATION_LEVEL = "-O";
			};
			name = Release;
		};
		92C7620C2813CC2600735E0F /* Debug */ = {
			isa = XCBuildConfiguration;
			buildSettings = {
				ASSETCATALOG_COMPILER_APPICON_NAME = AppIcon;
				ASSETCATALOG_COMPILER_GLOBAL_ACCENT_COLOR_NAME = AccentColor;
				CODE_SIGN_STYLE = Automatic;
				CURRENT_PROJECT_VERSION = 1;
				DEVELOPMENT_TEAM = C3J37A429V;
				ENABLE_PREVIEWS = YES;
				FRAMEWORK_SEARCH_PATHS = "";
				GENERATE_INFOPLIST_FILE = YES;
				INFOPLIST_KEY_UIApplicationSceneManifest_Generation = YES;
				INFOPLIST_KEY_UIApplicationSupportsIndirectInputEvents = YES;
				INFOPLIST_KEY_UILaunchScreen_Generation = YES;
				INFOPLIST_KEY_UISupportedInterfaceOrientations_iPad = "UIInterfaceOrientationPortrait UIInterfaceOrientationPortraitUpsideDown UIInterfaceOrientationLandscapeLeft UIInterfaceOrientationLandscapeRight";
				INFOPLIST_KEY_UISupportedInterfaceOrientations_iPhone = "UIInterfaceOrientationPortrait UIInterfaceOrientationLandscapeLeft UIInterfaceOrientationLandscapeRight";
				IPHONEOS_DEPLOYMENT_TARGET = 15.4;
				LD_RUNPATH_SEARCH_PATHS = (
					"$(inherited)",
					"@executable_path/Frameworks",
				);
				MARKETING_VERSION = 1.0;
				PRODUCT_BUNDLE_IDENTIFIER = mahikahosanee.SearchProductProject;
				PRODUCT_NAME = SearchProductProject;
				SDKROOT = iphoneos;
				SWIFT_EMIT_LOC_STRINGS = YES;
				SWIFT_VERSION = 5.0;
				TARGETED_DEVICE_FAMILY = "1,2";
			};
			name = Debug;
		};
		92C7620D2813CC2600735E0F /* Release */ = {
			isa = XCBuildConfiguration;
			buildSettings = {
				ASSETCATALOG_COMPILER_APPICON_NAME = AppIcon;
				ASSETCATALOG_COMPILER_GLOBAL_ACCENT_COLOR_NAME = AccentColor;
				CODE_SIGN_STYLE = Automatic;
				CURRENT_PROJECT_VERSION = 1;
				DEVELOPMENT_TEAM = C3J37A429V;
				ENABLE_PREVIEWS = YES;
				FRAMEWORK_SEARCH_PATHS = "";
				GENERATE_INFOPLIST_FILE = YES;
				INFOPLIST_KEY_UIApplicationSceneManifest_Generation = YES;
				INFOPLIST_KEY_UIApplicationSupportsIndirectInputEvents = YES;
				INFOPLIST_KEY_UILaunchScreen_Generation = YES;
				INFOPLIST_KEY_UISupportedInterfaceOrientations_iPad = "UIInterfaceOrientationPortrait UIInterfaceOrientationPortraitUpsideDown UIInterfaceOrientationLandscapeLeft UIInterfaceOrientationLandscapeRight";
				INFOPLIST_KEY_UISupportedInterfaceOrientations_iPhone = "UIInterfaceOrientationPortrait UIInterfaceOrientationLandscapeLeft UIInterfaceOrientationLandscapeRight";
				IPHONEOS_DEPLOYMENT_TARGET = 15.4;
				LD_RUNPATH_SEARCH_PATHS = (
					"$(inherited)",
					"@executable_path/Frameworks",
				);
				MARKETING_VERSION = 1.0;
				PRODUCT_BUNDLE_IDENTIFIER = mahikahosanee.SearchProductProject;
				PRODUCT_NAME = SearchProductProject;
				SDKROOT = iphoneos;
				SWIFT_EMIT_LOC_STRINGS = YES;
				SWIFT_VERSION = 5.0;
				TARGETED_DEVICE_FAMILY = "1,2";
				VALIDATE_PRODUCT = YES;
			};
			name = Release;
		};
		92C7620F2813CC2600735E0F /* Debug */ = {
			isa = XCBuildConfiguration;
			buildSettings = {
				ASSETCATALOG_COMPILER_APPICON_NAME = AppIcon;
				ASSETCATALOG_COMPILER_GLOBAL_ACCENT_COLOR_NAME = AccentColor;
				CODE_SIGN_ENTITLEMENTS = macOS/macOS.entitlements;
				CODE_SIGN_STYLE = Automatic;
				COMBINE_HIDPI_IMAGES = YES;
				CURRENT_PROJECT_VERSION = 1;
				DEVELOPMENT_TEAM = C3J37A429V;
				ENABLE_HARDENED_RUNTIME = YES;
				ENABLE_PREVIEWS = YES;
				GENERATE_INFOPLIST_FILE = YES;
				INFOPLIST_KEY_NSHumanReadableCopyright = "";
				LD_RUNPATH_SEARCH_PATHS = (
					"$(inherited)",
					"@executable_path/../Frameworks",
				);
				MACOSX_DEPLOYMENT_TARGET = 12.1;
				MARKETING_VERSION = 1.0;
				PRODUCT_BUNDLE_IDENTIFIER = mahikahosanee.SearchProductProject;
				PRODUCT_NAME = SearchProductProject;
				SDKROOT = macosx;
				SWIFT_EMIT_LOC_STRINGS = YES;
				SWIFT_VERSION = 5.0;
			};
			name = Debug;
		};
		92C762102813CC2600735E0F /* Release */ = {
			isa = XCBuildConfiguration;
			buildSettings = {
				ASSETCATALOG_COMPILER_APPICON_NAME = AppIcon;
				ASSETCATALOG_COMPILER_GLOBAL_ACCENT_COLOR_NAME = AccentColor;
				CODE_SIGN_ENTITLEMENTS = macOS/macOS.entitlements;
				CODE_SIGN_STYLE = Automatic;
				COMBINE_HIDPI_IMAGES = YES;
				CURRENT_PROJECT_VERSION = 1;
				DEVELOPMENT_TEAM = C3J37A429V;
				ENABLE_HARDENED_RUNTIME = YES;
				ENABLE_PREVIEWS = YES;
				GENERATE_INFOPLIST_FILE = YES;
				INFOPLIST_KEY_NSHumanReadableCopyright = "";
				LD_RUNPATH_SEARCH_PATHS = (
					"$(inherited)",
					"@executable_path/../Frameworks",
				);
				MACOSX_DEPLOYMENT_TARGET = 12.1;
				MARKETING_VERSION = 1.0;
				PRODUCT_BUNDLE_IDENTIFIER = mahikahosanee.SearchProductProject;
				PRODUCT_NAME = SearchProductProject;
				SDKROOT = macosx;
				SWIFT_EMIT_LOC_STRINGS = YES;
				SWIFT_VERSION = 5.0;
			};
			name = Release;
		};
		92C762122813CC2600735E0F /* Debug */ = {
			isa = XCBuildConfiguration;
			buildSettings = {
				ALWAYS_EMBED_SWIFT_STANDARD_LIBRARIES = YES;
				CODE_SIGN_STYLE = Automatic;
				CURRENT_PROJECT_VERSION = 1;
				DEVELOPMENT_TEAM = C3J37A429V;
				GENERATE_INFOPLIST_FILE = YES;
				IPHONEOS_DEPLOYMENT_TARGET = 15.4;
				MARKETING_VERSION = 1.0;
				PRODUCT_BUNDLE_IDENTIFIER = "mahikahosanee.Tests-iOS";
				PRODUCT_NAME = "$(TARGET_NAME)";
				SDKROOT = iphoneos;
				SWIFT_EMIT_LOC_STRINGS = NO;
				SWIFT_VERSION = 5.0;
				TARGETED_DEVICE_FAMILY = "1,2";
				TEST_TARGET_NAME = "SearchProductProject (iOS)";
			};
			name = Debug;
		};
		92C762132813CC2600735E0F /* Release */ = {
			isa = XCBuildConfiguration;
			buildSettings = {
				ALWAYS_EMBED_SWIFT_STANDARD_LIBRARIES = YES;
				CODE_SIGN_STYLE = Automatic;
				CURRENT_PROJECT_VERSION = 1;
				DEVELOPMENT_TEAM = C3J37A429V;
				GENERATE_INFOPLIST_FILE = YES;
				IPHONEOS_DEPLOYMENT_TARGET = 15.4;
				MARKETING_VERSION = 1.0;
				PRODUCT_BUNDLE_IDENTIFIER = "mahikahosanee.Tests-iOS";
				PRODUCT_NAME = "$(TARGET_NAME)";
				SDKROOT = iphoneos;
				SWIFT_EMIT_LOC_STRINGS = NO;
				SWIFT_VERSION = 5.0;
				TARGETED_DEVICE_FAMILY = "1,2";
				TEST_TARGET_NAME = "SearchProductProject (iOS)";
				VALIDATE_PRODUCT = YES;
			};
			name = Release;
		};
		92C762152813CC2600735E0F /* Debug */ = {
			isa = XCBuildConfiguration;
			buildSettings = {
				ALWAYS_EMBED_SWIFT_STANDARD_LIBRARIES = YES;
				CODE_SIGN_STYLE = Automatic;
				CURRENT_PROJECT_VERSION = 1;
				DEVELOPMENT_TEAM = C3J37A429V;
				GENERATE_INFOPLIST_FILE = YES;
				MACOSX_DEPLOYMENT_TARGET = 12.1;
				MARKETING_VERSION = 1.0;
				PRODUCT_BUNDLE_IDENTIFIER = "mahikahosanee.Tests-macOS";
				PRODUCT_NAME = "$(TARGET_NAME)";
				SDKROOT = macosx;
				SWIFT_EMIT_LOC_STRINGS = NO;
				SWIFT_VERSION = 5.0;
				TEST_TARGET_NAME = "SearchProductProject (macOS)";
			};
			name = Debug;
		};
		92C762162813CC2600735E0F /* Release */ = {
			isa = XCBuildConfiguration;
			buildSettings = {
				ALWAYS_EMBED_SWIFT_STANDARD_LIBRARIES = YES;
				CODE_SIGN_STYLE = Automatic;
				CURRENT_PROJECT_VERSION = 1;
				DEVELOPMENT_TEAM = C3J37A429V;
				GENERATE_INFOPLIST_FILE = YES;
				MACOSX_DEPLOYMENT_TARGET = 12.1;
				MARKETING_VERSION = 1.0;
				PRODUCT_BUNDLE_IDENTIFIER = "mahikahosanee.Tests-macOS";
				PRODUCT_NAME = "$(TARGET_NAME)";
				SDKROOT = macosx;
				SWIFT_EMIT_LOC_STRINGS = NO;
				SWIFT_VERSION = 5.0;
				TEST_TARGET_NAME = "SearchProductProject (macOS)";
			};
			name = Release;
		};
		92FB0F262815235D0029DECF /* Debug */ = {
			isa = XCBuildConfiguration;
			buildSettings = {
				BUNDLE_LOADER = "$(TEST_HOST)";
				CODE_SIGN_STYLE = Automatic;
				CURRENT_PROJECT_VERSION = 1;
				DEVELOPMENT_TEAM = C3J37A429V;
				GENERATE_INFOPLIST_FILE = YES;
				IPHONEOS_DEPLOYMENT_TARGET = 15.4;
				MARKETING_VERSION = 1.0;
				PRODUCT_BUNDLE_IDENTIFIER = mahikahosanee.SearchProductProjectTests;
				PRODUCT_NAME = "$(TARGET_NAME)";
				SDKROOT = iphoneos;
				SWIFT_EMIT_LOC_STRINGS = NO;
				SWIFT_VERSION = 5.0;
				TARGETED_DEVICE_FAMILY = "1,2";
				TEST_HOST = "$(BUILT_PRODUCTS_DIR)/SearchProductProject.app/SearchProductProject";
			};
			name = Debug;
		};
		92FB0F272815235D0029DECF /* Release */ = {
			isa = XCBuildConfiguration;
			buildSettings = {
				BUNDLE_LOADER = "$(TEST_HOST)";
				CODE_SIGN_STYLE = Automatic;
				CURRENT_PROJECT_VERSION = 1;
				DEVELOPMENT_TEAM = C3J37A429V;
				GENERATE_INFOPLIST_FILE = YES;
				IPHONEOS_DEPLOYMENT_TARGET = 15.4;
				MARKETING_VERSION = 1.0;
				PRODUCT_BUNDLE_IDENTIFIER = mahikahosanee.SearchProductProjectTests;
				PRODUCT_NAME = "$(TARGET_NAME)";
				SDKROOT = iphoneos;
				SWIFT_EMIT_LOC_STRINGS = NO;
				SWIFT_VERSION = 5.0;
				TARGETED_DEVICE_FAMILY = "1,2";
				TEST_HOST = "$(BUILT_PRODUCTS_DIR)/SearchProductProject.app/SearchProductProject";
				VALIDATE_PRODUCT = YES;
			};
			name = Release;
		};
/* End XCBuildConfiguration section */

/* Begin XCConfigurationList section */
		92C761D92813CC2400735E0F /* Build configuration list for PBXProject "SearchProductProject" */ = {
			isa = XCConfigurationList;
			buildConfigurations = (
				92C762092813CC2600735E0F /* Debug */,
				92C7620A2813CC2600735E0F /* Release */,
			);
			defaultConfigurationIsVisible = 0;
			defaultConfigurationName = Release;
		};
		92C7620B2813CC2600735E0F /* Build configuration list for PBXNativeTarget "SearchProductProject (iOS)" */ = {
			isa = XCConfigurationList;
			buildConfigurations = (
				92C7620C2813CC2600735E0F /* Debug */,
				92C7620D2813CC2600735E0F /* Release */,
			);
			defaultConfigurationIsVisible = 0;
			defaultConfigurationName = Release;
		};
		92C7620E2813CC2600735E0F /* Build configuration list for PBXNativeTarget "SearchProductProject (macOS)" */ = {
			isa = XCConfigurationList;
			buildConfigurations = (
				92C7620F2813CC2600735E0F /* Debug */,
				92C762102813CC2600735E0F /* Release */,
			);
			defaultConfigurationIsVisible = 0;
			defaultConfigurationName = Release;
		};
		92C762112813CC2600735E0F /* Build configuration list for PBXNativeTarget "Tests iOS" */ = {
			isa = XCConfigurationList;
			buildConfigurations = (
				92C762122813CC2600735E0F /* Debug */,
				92C762132813CC2600735E0F /* Release */,
			);
			defaultConfigurationIsVisible = 0;
			defaultConfigurationName = Release;
		};
		92C762142813CC2600735E0F /* Build configuration list for PBXNativeTarget "Tests macOS" */ = {
			isa = XCConfigurationList;
			buildConfigurations = (
				92C762152813CC2600735E0F /* Debug */,
				92C762162813CC2600735E0F /* Release */,
			);
			defaultConfigurationIsVisible = 0;
			defaultConfigurationName = Release;
		};
		92FB0F252815235D0029DECF /* Build configuration list for PBXNativeTarget "SearchProductProjectTests" */ = {
			isa = XCConfigurationList;
			buildConfigurations = (
				92FB0F262815235D0029DECF /* Debug */,
				92FB0F272815235D0029DECF /* Release */,
			);
			defaultConfigurationIsVisible = 0;
			defaultConfigurationName = Release;
		};
/* End XCConfigurationList section */
	};
	rootObject = 92C761D62813CC2400735E0F /* Project object */;
}
